# THIS IS AN AUTOGENERATED FILE. DO NOT EDIT THIS FILE DIRECTLY.
# yarn lockfile v1


"@types/debug@^4.1.5":
  version "4.1.5"
  resolved "https://registry.yarnpkg.com/@types/debug/-/debug-4.1.5.tgz#b14efa8852b7768d898906613c23f688713e02cd"
  integrity sha512-Q1y515GcOdTHgagaVFhHnIFQ38ygs/kmxdNpvpou+raI9UO3YZcHDngBSYKQklcKlvA7iuQlmIKbzvmxcOE9CQ==

"@types/node@^13.5.0":
  version "13.5.0"
  resolved "https://registry.yarnpkg.com/@types/node/-/node-13.5.0.tgz#4e498dbf355795a611a87ae5ef811a8660d42662"
  integrity sha512-Onhn+z72D2O2Pb2ql2xukJ55rglumsVo1H6Fmyi8mlU9SvKdBk/pUSUAiBY/d9bAOF7VVWajX3sths/+g6ZiAQ==

comment-patterns@^0.10.0:
  version "0.10.1"
  resolved "https://registry.yarnpkg.com/comment-patterns/-/comment-patterns-0.10.1.tgz#4c8a876327f76c09bfb8306272f997f1e317b953"
  integrity sha512-fKtMiKJAYvwd66zxY5TwNeqmcAr7N3Xjua5Abcrp1cF7QLk2gT8zi2ZWnvNYDwoKheKwvQUJttpHSgQSODjw+g==
  dependencies:
    lodash "^4.17.11"

line-counter@^1.0.3:
  version "1.1.0"
  resolved "https://registry.yarnpkg.com/line-counter/-/line-counter-1.1.0.tgz#10df2c046ad3546e724fba55fa72cde18a6a01f3"
  integrity sha1-EN8sBGrTVG5yT7pV+nLN4YpqAfM=

lodash@^4.17.11:
  version "4.17.15"
  resolved "https://registry.yarnpkg.com/lodash/-/lodash-4.17.15.tgz#b447f6670a0455bbfeedd11392eff330ea097548"
  integrity sha512-8xOcRHvCjnocdS5cpwXQXVzmmh5e5+saE2QGoeQmbKmRS6J3VQppPOIt0MnmE+4xlZoumy0GPG0D0MVIQbNA1A==

multilang-extract-comments@^0.3.2:
  version "0.3.2"
  resolved "https://registry.yarnpkg.com/multilang-extract-comments/-/multilang-extract-comments-0.3.2.tgz#cf19f3c98661de793da6ba0ff5e62b837d0247b8"
  integrity sha512-H/+eHndsWbGqqQ7FMaYj+1NwFSb0KZFsbWeSGvKz6o1YJMYXFVGLnA6d8f7lSNRQ/wiTLWTmLpOtNyQwaKzgig==
  dependencies:
    comment-patterns "^0.10.0"
    line-counter "^1.0.3"
    lodash "^4.17.11"
    quotemeta "0.0.0"

quotemeta@0.0.0:
  version "0.0.0"
  resolved "https://registry.yarnpkg.com/quotemeta/-/quotemeta-0.0.0.tgz#51d3a06ee0fcd6e3b501dbd28904351ad7a5a38c"
  integrity sha1-UdOgbuD81uO1AdvSiQQ1Gtelo4w=
